
Microsoft Visual Studio Solution File, Format Version 12.00
# Visual Studio Version 17
VisualStudioVersion = 17.4.33213.308
MinimumVisualStudioVersion = 10.0.40219.1
Project("{FAE04EC0-301F-11D3-BF4B-00C04F79EFBC}") = "moviesite", "moviesite\moviesite.csproj", "{17E9A55A-BFCB-43D1-B060-E0B1C6C0BC5F}"
EndProject
Global
	GlobalSection(SolutionConfigurationPlatforms) = preSolution
		Debug|Any CPU = Debug|Any CPU
		Release|Any CPU = Release|Any CPU
	EndGlobalSection
	GlobalSection(ProjectConfigurationPlatforms) = postSolution
		{17E9A55A-BFCB-43D1-B060-E0B1C6C0BC5F}.Debug|Any CPU.ActiveCfg = Debug|Any CPU
		{17E9A55A-BFCB-43D1-B060-E0B1C6C0BC5F}.Debug|Any CPU.Build.0 = Debug|Any CPU
		{17E9A55A-BFCB-43D1-B060-E0B1C6C0BC5F}.Release|Any CPU.ActiveCfg = Release|Any CPU
		{17E9A55A-BFCB-43D1-B060-E0B1C6C0BC5F}.Release|Any CPU.Build.0 = Release|Any CPU
	EndGlobalSection
	GlobalSection(SolutionProperties) = preSolution
		HideSolutionNode = FALSE
	EndGlobalSection
	GlobalSection(ExtensibilityGlobals) = postSolution
		SolutionGuid = {D51DEF43-FD89-47FE-BE00-C8494FBB12D9}
	EndGlobalSection
EndGlobal
